
Microsoft Visual Studio Solution File, Format Version 12.00
# Visual Studio Version 16
VisualStudioVersion = 16.0.29306.81
MinimumVisualStudioVersion = 10.0.40219.1
Project("{2150E333-8FDC-42A3-9474-1A3956D46DE8}") = "Solution Items", "Solution Items", "{99554799-F004-4742-878D-8D07DB7B0087}"
	ProjectSection(SolutionItems) = preProject
		README.txt = README.txt
	EndProjectSection
EndProject
Project("{8BC9CEB8-8B4A-11D0-8D11-00A0C91BC942}") = "Gecko_Encrypt_File", "Gecko_Encrypt_File\Gecko_Encrypt_File.vcxproj", "{089D1ECB-CC12-452D-B22F-97838BFD28B6}"
EndProject
Project("{8BC9CEB8-8B4A-11D0-8D11-00A0C91BC942}") = "AES_Encrypt_File", "AES_Encrypt_File\AES_Encrypt_File.vcxproj", "{00D4F82F-D04C-4E7A-BE48-676EC8E77D35}"
EndProject
Project("{8BC9CEB8-8B4A-11D0-8D11-00A0C91BC942}") = "Gecko_test_internal", "Gecko_test_internal\Gecko_test_internal.vcxproj", "{3B0574B4-30F3-478A-AEFE-137987EF83C5}"
EndProject
Project("{8BC9CEB8-8B4A-11D0-8D11-00A0C91BC942}") = "Gecko_test_128", "Gecko_test_128\Gecko_test_128.vcxproj", "{67235A96-C657-4926-9302-CC02E560C6F7}"
EndProject
Project("{8BC9CEB8-8B4A-11D0-8D11-00A0C91BC942}") = "Gecko_test_192", "Gecko_test_192\Gecko_test_192.vcxproj", "{983815E6-FB5A-4DE4-B812-420EAB3F220F}"
EndProject
Project("{8BC9CEB8-8B4A-11D0-8D11-00A0C91BC942}") = "Gecko_test_256", "Gecko_test_256\Gecko_test_256.vcxproj", "{4AE7BA07-7934-4969-BBF8-C96A5643034A}"
EndProject
Global
	GlobalSection(SolutionConfigurationPlatforms) = preSolution
		Debug|Win32 = Debug|Win32
		Release|Win32 = Release|Win32
		Size|Win32 = Size|Win32
	EndGlobalSection
	GlobalSection(ProjectConfigurationPlatforms) = postSolution
		{089D1ECB-CC12-452D-B22F-97838BFD28B6}.Debug|Win32.ActiveCfg = Debug|Win32
		{089D1ECB-CC12-452D-B22F-97838BFD28B6}.Debug|Win32.Build.0 = Debug|Win32
		{089D1ECB-CC12-452D-B22F-97838BFD28B6}.Release|Win32.ActiveCfg = Release|Win32
		{089D1ECB-CC12-452D-B22F-97838BFD28B6}.Release|Win32.Build.0 = Release|Win32
		{089D1ECB-CC12-452D-B22F-97838BFD28B6}.Size|Win32.ActiveCfg = Size|Win32
		{089D1ECB-CC12-452D-B22F-97838BFD28B6}.Size|Win32.Build.0 = Size|Win32
		{00D4F82F-D04C-4E7A-BE48-676EC8E77D35}.Debug|Win32.ActiveCfg = Debug|Win32
		{00D4F82F-D04C-4E7A-BE48-676EC8E77D35}.Debug|Win32.Build.0 = Debug|Win32
		{00D4F82F-D04C-4E7A-BE48-676EC8E77D35}.Release|Win32.ActiveCfg = Release|Win32
		{00D4F82F-D04C-4E7A-BE48-676EC8E77D35}.Release|Win32.Build.0 = Release|Win32
		{00D4F82F-D04C-4E7A-BE48-676EC8E77D35}.Size|Win32.ActiveCfg = Size|Win32
		{00D4F82F-D04C-4E7A-BE48-676EC8E77D35}.Size|Win32.Build.0 = Size|Win32
		{3B0574B4-30F3-478A-AEFE-137987EF83C5}.Debug|Win32.ActiveCfg = Debug|Win32
		{3B0574B4-30F3-478A-AEFE-137987EF83C5}.Debug|Win32.Build.0 = Debug|Win32
		{3B0574B4-30F3-478A-AEFE-137987EF83C5}.Release|Win32.ActiveCfg = Release|Win32
		{3B0574B4-30F3-478A-AEFE-137987EF83C5}.Release|Win32.Build.0 = Release|Win32
		{3B0574B4-30F3-478A-AEFE-137987EF83C5}.Size|Win32.ActiveCfg = Size|Win32
		{3B0574B4-30F3-478A-AEFE-137987EF83C5}.Size|Win32.Build.0 = Size|Win32
		{67235A96-C657-4926-9302-CC02E560C6F7}.Debug|Win32.ActiveCfg = Debug|Win32
		{67235A96-C657-4926-9302-CC02E560C6F7}.Debug|Win32.Build.0 = Debug|Win32
		{67235A96-C657-4926-9302-CC02E560C6F7}.Release|Win32.ActiveCfg = Release|Win32
		{67235A96-C657-4926-9302-CC02E560C6F7}.Release|Win32.Build.0 = Release|Win32
		{67235A96-C657-4926-9302-CC02E560C6F7}.Size|Win32.ActiveCfg = Size|Win32
		{67235A96-C657-4926-9302-CC02E560C6F7}.Size|Win32.Build.0 = Size|Win32
		{983815E6-FB5A-4DE4-B812-420EAB3F220F}.Debug|Win32.ActiveCfg = Debug|Win32
		{983815E6-FB5A-4DE4-B812-420EAB3F220F}.Debug|Win32.Build.0 = Debug|Win32
		{983815E6-FB5A-4DE4-B812-420EAB3F220F}.Release|Win32.ActiveCfg = Release|Win32
		{983815E6-FB5A-4DE4-B812-420EAB3F220F}.Release|Win32.Build.0 = Release|Win32
		{983815E6-FB5A-4DE4-B812-420EAB3F220F}.Size|Win32.ActiveCfg = Size|Win32
		{983815E6-FB5A-4DE4-B812-420EAB3F220F}.Size|Win32.Build.0 = Size|Win32
		{4AE7BA07-7934-4969-BBF8-C96A5643034A}.Debug|Win32.ActiveCfg = Debug|Win32
		{4AE7BA07-7934-4969-BBF8-C96A5643034A}.Debug|Win32.Build.0 = Debug|Win32
		{4AE7BA07-7934-4969-BBF8-C96A5643034A}.Release|Win32.ActiveCfg = Release|Win32
		{4AE7BA07-7934-4969-BBF8-C96A5643034A}.Release|Win32.Build.0 = Release|Win32
		{4AE7BA07-7934-4969-BBF8-C96A5643034A}.Size|Win32.ActiveCfg = Size|Win32
		{4AE7BA07-7934-4969-BBF8-C96A5643034A}.Size|Win32.Build.0 = Size|Win32
	EndGlobalSection
	GlobalSection(SolutionProperties) = preSolution
		HideSolutionNode = FALSE
	EndGlobalSection
	GlobalSection(ExtensibilityGlobals) = postSolution
		SolutionGuid = {9A8E7BCA-24B1-4757-9636-F315064952E9}
	EndGlobalSection
EndGlobal
